// !$*UTF8*$!
{
	archiveVersion = 1;
	classes = {
	};
	objectVersion = 46;
	objects = {

/* Begin PBXBuildFile section */
		7A80752B1F9D413400C0705B /* Main.storyboard in Resources */ = {isa = PBXBuildFile; fileRef = 7A80752A1F9D413400C0705B /* Main.storyboard */; };
		7A80752D1F9D418C00C0705B /* MainViewController.swift in Sources */ = {isa = PBXBuildFile; fileRef = 7A80752C1F9D418C00C0705B /* MainViewController.swift */; };
		B64871F6194E1B7F0025E2EB /* rainbow.js in Resources */ = {isa = PBXBuildFile; fileRef = B64871F5194E1B7F0025E2EB /* rainbow.js */; };
		B64871FA194E1BD20025E2EB /* theme.css in Resources */ = {isa = PBXBuildFile; fileRef = B64871F9194E1BD20025E2EB /* theme.css */; };
		B6726067194D01CE00E97B2E /* AppDelegate.swift in Sources */ = {isa = PBXBuildFile; fileRef = B6726066194D01CE00E97B2E /* AppDelegate.swift */; };
		B6726069194D01CE00E97B2E /* Images.xcassets in Resources */ = {isa = PBXBuildFile; fileRef = B6726068194D01CE00E97B2E /* Images.xcassets */; };
		B6B770A7194D07AE00AC9281 /* ActionRequestHandler.m in Sources */ = {isa = PBXBuildFile; fileRef = B6B770A6194D07AE00AC9281 /* ActionRequestHandler.m */; };
		B6B770A9194D07AE00AC9281 /* Action.js in Resources */ = {isa = PBXBuildFile; fileRef = B6B770A8194D07AE00AC9281 /* Action.js */; };
		B6B770AC194D07AE00AC9281 /* ddagradi.ViewSource.ViewSourceExt.appex in Embed App Extensions */ = {isa = PBXBuildFile; fileRef = B6B770A1194D07AE00AC9281 /* ddagradi.ViewSource.ViewSourceExt.appex */; };
		B6D31A94194D652700EB5ADE /* Images.xcassets in Resources */ = {isa = PBXBuildFile; fileRef = B6726068194D01CE00E97B2E /* Images.xcassets */; };
/* End PBXBuildFile section */

/* Begin PBXContainerItemProxy section */
		B672606F194D01CE00E97B2E /* PBXContainerItemProxy */ = {
			isa = PBXContainerItemProxy;
			containerPortal = B6726059194D01CE00E97B2E /* Project object */;
			proxyType = 1;
			remoteGlobalIDString = B6726060194D01CE00E97B2E;
			remoteInfo = ViewSource;
		};
		B6B77052194D052000AC9281 /* PBXContainerItemProxy */ = {
			isa = PBXContainerItemProxy;
			containerPortal = B6726059194D01CE00E97B2E /* Project object */;
			proxyType = 1;
			remoteGlobalIDString = B6726060194D01CE00E97B2E;
			remoteInfo = ViewSource;
		};
		B6B77054194D052000AC9281 /* PBXContainerItemProxy */ = {
			isa = PBXContainerItemProxy;
			containerPortal = B6726059194D01CE00E97B2E /* Project object */;
			proxyType = 1;
			remoteGlobalIDString = B6726060194D01CE00E97B2E;
			remoteInfo = ViewSource;
		};
		B6B770AA194D07AE00AC9281 /* PBXContainerItemProxy */ = {
			isa = PBXContainerItemProxy;
			containerPortal = B6726059194D01CE00E97B2E /* Project object */;
			proxyType = 1;
			remoteGlobalIDString = B6B770A0194D07AE00AC9281;
			remoteInfo = ViewSourceExt;
		};
		B6B770AD194D07AE00AC9281 /* PBXContainerItemProxy */ = {
			isa = PBXContainerItemProxy;
			containerPortal = B6726059194D01CE00E97B2E /* Project object */;
			proxyType = 1;
			remoteGlobalIDString = B6B770A0194D07AE00AC9281;
			remoteInfo = ViewSourceExt;
		};
		B6D31A8E194D59BF00EB5ADE /* PBXContainerItemProxy */ = {
			isa = PBXContainerItemProxy;
			containerPortal = B6726059194D01CE00E97B2E /* Project object */;
			proxyType = 1;
			remoteGlobalIDString = B6726060194D01CE00E97B2E;
			remoteInfo = ViewSource;
		};
		B6D31A90194D59BF00EB5ADE /* PBXContainerItemProxy */ = {
			isa = PBXContainerItemProxy;
			containerPortal = B6726059194D01CE00E97B2E /* Project object */;
			proxyType = 1;
			remoteGlobalIDString = B6726060194D01CE00E97B2E;
			remoteInfo = ViewSource;
		};
		B6D31A92194D59C600EB5ADE /* PBXContainerItemProxy */ = {
			isa = PBXContainerItemProxy;
			containerPortal = B6726059194D01CE00E97B2E /* Project object */;
			proxyType = 1;
			remoteGlobalIDString = B6726060194D01CE00E97B2E;
			remoteInfo = ViewSource;
		};
/* End PBXContainerItemProxy section */

/* Begin PBXCopyFilesBuildPhase section */
		B6726092194D01EE00E97B2E /* Embed App Extensions */ = {
			isa = PBXCopyFilesBuildPhase;
			buildActionMask = 2147483647;
			dstPath = "";
			dstSubfolderSpec = 13;
			files = (
				B6B770AC194D07AE00AC9281 /* ddagradi.ViewSource.ViewSourceExt.appex in Embed App Extensions */,
			);
			name = "Embed App Extensions";
			runOnlyForDeploymentPostprocessing = 0;
		};
/* End PBXCopyFilesBuildPhase section */

/* Begin PBXFileReference section */
		7A80752A1F9D413400C0705B /* Main.storyboard */ = {isa = PBXFileReference; lastKnownFileType = file.storyboard; path = Main.storyboard; sourceTree = "<group>"; };
		7A80752C1F9D418C00C0705B /* MainViewController.swift */ = {isa = PBXFileReference; lastKnownFileType = sourcecode.swift; path = MainViewController.swift; sourceTree = "<group>"; };
		B64871F5194E1B7F0025E2EB /* rainbow.js */ = {isa = PBXFileReference; fileEncoding = 4; lastKnownFileType = sourcecode.javascript; path = rainbow.js; sourceTree = "<group>"; };
		B64871F9194E1BD20025E2EB /* theme.css */ = {isa = PBXFileReference; fileEncoding = 4; lastKnownFileType = text.css; path = theme.css; sourceTree = "<group>"; };
		B6726061194D01CE00E97B2E /* ViewSource.app */ = {isa = PBXFileReference; explicitFileType = wrapper.application; includeInIndex = 0; path = ViewSource.app; sourceTree = BUILT_PRODUCTS_DIR; };
		B6726065194D01CE00E97B2E /* Info.plist */ = {isa = PBXFileReference; lastKnownFileType = text.plist.xml; path = Info.plist; sourceTree = "<group>"; };
		B6726066194D01CE00E97B2E /* AppDelegate.swift */ = {isa = PBXFileReference; lastKnownFileType = sourcecode.swift; path = AppDelegate.swift; sourceTree = "<group>"; };
		B6726068194D01CE00E97B2E /* Images.xcassets */ = {isa = PBXFileReference; lastKnownFileType = folder.assetcatalog; path = Images.xcassets; sourceTree = "<group>"; };
		B672606E194D01CE00E97B2E /* ViewSourceTests.xctest */ = {isa = PBXFileReference; explicitFileType = wrapper.cfbundle; includeInIndex = 0; path = ViewSourceTests.xctest; sourceTree = BUILT_PRODUCTS_DIR; };
		B6B770A1194D07AE00AC9281 /* ddagradi.ViewSource.ViewSourceExt.appex */ = {isa = PBXFileReference; explicitFileType = "wrapper.app-extension"; includeInIndex = 0; path = ddagradi.ViewSource.ViewSourceExt.appex; sourceTree = BUILT_PRODUCTS_DIR; };
		B6B770A4194D07AE00AC9281 /* Info.plist */ = {isa = PBXFileReference; lastKnownFileType = text.plist.xml; path = Info.plist; sourceTree = "<group>"; };
		B6B770A5194D07AE00AC9281 /* ActionRequestHandler.h */ = {isa = PBXFileReference; lastKnownFileType = sourcecode.c.h; path = ActionRequestHandler.h; sourceTree = "<group>"; };
		B6B770A6194D07AE00AC9281 /* ActionRequestHandler.m */ = {isa = PBXFileReference; lastKnownFileType = sourcecode.c.objc; path = ActionRequestHandler.m; sourceTree = "<group>"; };
		B6B770A8194D07AE00AC9281 /* Action.js */ = {isa = PBXFileReference; lastKnownFileType = sourcecode.javascript; path = Action.js; sourceTree = "<group>"; };
/* End PBXFileReference section */

/* Begin PBXFrameworksBuildPhase section */
		B672605E194D01CE00E97B2E /* Frameworks */ = {
			isa = PBXFrameworksBuildPhase;
			buildActionMask = 2147483647;
			files = (
			);
			runOnlyForDeploymentPostprocessing = 0;
		};
		B672606B194D01CE00E97B2E /* Frameworks */ = {
			isa = PBXFrameworksBuildPhase;
			buildActionMask = 2147483647;
			files = (
			);
			runOnlyForDeploymentPostprocessing = 0;
		};
		B6B7709E194D07AE00AC9281 /* Frameworks */ = {
			isa = PBXFrameworksBuildPhase;
			buildActionMask = 2147483647;
			files = (
			);
			runOnlyForDeploymentPostprocessing = 0;
		};
/* End PBXFrameworksBuildPhase section */

/* Begin PBXGroup section */
		B64871F8194E1BC90025E2EB /* Assets */ = {
			isa = PBXGroup;
			children = (
				B64871F5194E1B7F0025E2EB /* rainbow.js */,
				B64871F9194E1BD20025E2EB /* theme.css */,
			);
			name = Assets;
			sourceTree = "<group>";
		};
		B6726058194D01CE00E97B2E = {
			isa = PBXGroup;
			children = (
				B6726063194D01CE00E97B2E /* ViewSource */,
				B6B770A2194D07AE00AC9281 /* ViewSourceExt */,
				B6726062194D01CE00E97B2E /* Products */,
			);
			sourceTree = "<group>";
		};
		B6726062194D01CE00E97B2E /* Products */ = {
			isa = PBXGroup;
			children = (
				B6726061194D01CE00E97B2E /* ViewSource.app */,
				B672606E194D01CE00E97B2E /* ViewSourceTests.xctest */,
				B6B770A1194D07AE00AC9281 /* ddagradi.ViewSource.ViewSourceExt.appex */,
			);
			name = Products;
			sourceTree = "<group>";
		};
		B6726063194D01CE00E97B2E /* ViewSource */ = {
			isa = PBXGroup;
			children = (
				B6726066194D01CE00E97B2E /* AppDelegate.swift */,
				B6726068194D01CE00E97B2E /* Images.xcassets */,
				B6726064194D01CE00E97B2E /* Supporting Files */,
				7A80752A1F9D413400C0705B /* Main.storyboard */,
				7A80752C1F9D418C00C0705B /* MainViewController.swift */,
			);
			path = ViewSource;
			sourceTree = "<group>";
		};
		B6726064194D01CE00E97B2E /* Supporting Files */ = {
			isa = PBXGroup;
			children = (
				B6726065194D01CE00E97B2E /* Info.plist */,
			);
			name = "Supporting Files";
			sourceTree = "<group>";
		};
		B6B770A2194D07AE00AC9281 /* ViewSourceExt */ = {
			isa = PBXGroup;
			children = (
				B64871F8194E1BC90025E2EB /* Assets */,
				B6B770A5194D07AE00AC9281 /* ActionRequestHandler.h */,
				B6B770A6194D07AE00AC9281 /* ActionRequestHandler.m */,
				B6B770A8194D07AE00AC9281 /* Action.js */,
				B6B770A3194D07AE00AC9281 /* Supporting Files */,
			);
			path = ViewSourceExt;
			sourceTree = "<group>";
		};
		B6B770A3194D07AE00AC9281 /* Supporting Files */ = {
			isa = PBXGroup;
			children = (
				B6B770A4194D07AE00AC9281 /* Info.plist */,
			);
			name = "Supporting Files";
			sourceTree = "<group>";
		};
/* End PBXGroup section */

/* Begin PBXNativeTarget section */
		B6726060194D01CE00E97B2E /* ViewSource */ = {
			isa = PBXNativeTarget;
			buildConfigurationList = B6726078194D01CE00E97B2E /* Build configuration list for PBXNativeTarget "ViewSource" */;
			buildPhases = (
				B672605D194D01CE00E97B2E /* Sources */,
				B672605E194D01CE00E97B2E /* Frameworks */,
				B672605F194D01CE00E97B2E /* Resources */,
				B6726092194D01EE00E97B2E /* Embed App Extensions */,
			);
			buildRules = (
			);
			dependencies = (
				B6B770AB194D07AE00AC9281 /* PBXTargetDependency */,
				B6B770AE194D07AE00AC9281 /* PBXTargetDependency */,
			);
			name = ViewSource;
			productName = ViewSource;
			productReference = B6726061194D01CE00E97B2E /* ViewSource.app */;
			productType = "com.apple.product-type.application";
		};
		B672606D194D01CE00E97B2E /* ViewSourceTests */ = {
			isa = PBXNativeTarget;
			buildConfigurationList = B672607B194D01CE00E97B2E /* Build configuration list for PBXNativeTarget "ViewSourceTests" */;
			buildPhases = (
				B672606A194D01CE00E97B2E /* Sources */,
				B672606B194D01CE00E97B2E /* Frameworks */,
				B672606C194D01CE00E97B2E /* Resources */,
			);
			buildRules = (
			);
			dependencies = (
				B6726070194D01CE00E97B2E /* PBXTargetDependency */,
				B6B77053194D052000AC9281 /* PBXTargetDependency */,
				B6B77055194D052000AC9281 /* PBXTargetDependency */,
				B6D31A8F194D59BF00EB5ADE /* PBXTargetDependency */,
				B6D31A91194D59BF00EB5ADE /* PBXTargetDependency */,
				B6D31A93194D59C600EB5ADE /* PBXTargetDependency */,
			);
			name = ViewSourceTests;
			productName = ViewSourceTests;
			productReference = B672606E194D01CE00E97B2E /* ViewSourceTests.xctest */;
			productType = "com.apple.product-type.bundle.unit-test";
		};
		B6B770A0194D07AE00AC9281 /* ViewSourceExt */ = {
			isa = PBXNativeTarget;
			buildConfigurationList = B6B770AF194D07AE00AC9281 /* Build configuration list for PBXNativeTarget "ViewSourceExt" */;
			buildPhases = (
				B6B7709D194D07AE00AC9281 /* Sources */,
				B6B7709E194D07AE00AC9281 /* Frameworks */,
				B6B7709F194D07AE00AC9281 /* Resources */,
			);
			buildRules = (
			);
			dependencies = (
			);
			name = ViewSourceExt;
			productName = ViewSourceExt;
			productReference = B6B770A1194D07AE00AC9281 /* ddagradi.ViewSource.ViewSourceExt.appex */;
			productType = "com.apple.product-type.app-extension";
		};
/* End PBXNativeTarget section */

/* Begin PBXProject section */
		B6726059194D01CE00E97B2E /* Project object */ = {
			isa = PBXProject;
			attributes = {
				LastUpgradeCheck = 0910;
				ORGANIZATIONNAME = ddagradi;
				TargetAttributes = {
					B6726060194D01CE00E97B2E = {
						CreatedOnToolsVersion = 6.0;
						DevelopmentTeam = 3V8KXS5ZB4;
					};
					B672606D194D01CE00E97B2E = {
						CreatedOnToolsVersion = 6.0;
						TestTargetID = B6726060194D01CE00E97B2E;
					};
					B6B770A0194D07AE00AC9281 = {
						CreatedOnToolsVersion = 6.0;
						DevelopmentTeam = 3V8KXS5ZB4;
					};
				};
			};
			buildConfigurationList = B672605C194D01CE00E97B2E /* Build configuration list for PBXProject "ViewSource" */;
			compatibilityVersion = "Xcode 3.2";
			developmentRegion = English;
			hasScannedForEncodings = 0;
			knownRegions = (
				en,
			);
			mainGroup = B6726058194D01CE00E97B2E;
			productRefGroup = B6726062194D01CE00E97B2E /* Products */;
			projectDirPath = "";
			projectRoot = "";
			targets = (
				B6726060194D01CE00E97B2E /* ViewSource */,
				B672606D194D01CE00E97B2E /* ViewSourceTests */,
				B6B770A0194D07AE00AC9281 /* ViewSourceExt */,
			);
		};
/* End PBXProject section */

/* Begin PBXResourcesBuildPhase section */
		B672605F194D01CE00E97B2E /* Resources */ = {
			isa = PBXResourcesBuildPhase;
			buildActionMask = 2147483647;
			files = (
				B6726069194D01CE00E97B2E /* Images.xcassets in Resources */,
				7A80752B1F9D413400C0705B /* Main.storyboard in Resources */,
			);
			runOnlyForDeploymentPostprocessing = 0;
		};
		B672606C194D01CE00E97B2E /* Resources */ = {
			isa = PBXResourcesBuildPhase;
			buildActionMask = 2147483647;
			files = (
			);
			runOnlyForDeploymentPostprocessing = 0;
		};
		B6B7709F194D07AE00AC9281 /* Resources */ = {
			isa = PBXResourcesBuildPhase;
			buildActionMask = 2147483647;
			files = (
				B6B770A9194D07AE00AC9281 /* Action.js in Resources */,
				B6D31A94194D652700EB5ADE /* Images.xcassets in Resources */,
				B64871F6194E1B7F0025E2EB /* rainbow.js in Resources */,
				B64871FA194E1BD20025E2EB /* theme.css in Resources */,
			);
			runOnlyForDeploymentPostprocessing = 0;
		};
/* End PBXResourcesBuildPhase section */

/* Begin PBXSourcesBuildPhase section */
		B672605D194D01CE00E97B2E /* Sources */ = {
			isa = PBXSourcesBuildPhase;
			buildActionMask = 2147483647;
			files = (
				B6726067194D01CE00E97B2E /* AppDelegate.swift in Sources */,
				7A80752D1F9D418C00C0705B /* MainViewController.swift in Sources */,
			);
			runOnlyForDeploymentPostprocessing = 0;
		};
		B672606A194D01CE00E97B2E /* Sources */ = {
			isa = PBXSourcesBuildPhase;
			buildActionMask = 2147483647;
			files = (
			);
			runOnlyForDeploymentPostprocessing = 0;
		};
		B6B7709D194D07AE00AC9281 /* Sources */ = {
			isa = PBXSourcesBuildPhase;
			buildActionMask = 2147483647;
			files = (
				B6B770A7194D07AE00AC9281 /* ActionRequestHandler.m in Sources */,
			);
			runOnlyForDeploymentPostprocessing = 0;
		};
/* End PBXSourcesBuildPhase section */

/* Begin PBXTargetDependency section */
		B6726070194D01CE00E97B2E /* PBXTargetDependency */ = {
			isa = PBXTargetDependency;
			target = B6726060194D01CE00E97B2E /* ViewSource */;
			targetProxy = B672606F194D01CE00E97B2E /* PBXContainerItemProxy */;
		};
		B6B77053194D052000AC9281 /* PBXTargetDependency */ = {
			isa = PBXTargetDependency;
			target = B6726060194D01CE00E97B2E /* ViewSource */;
			targetProxy = B6B77052194D052000AC9281 /* PBXContainerItemProxy */;
		};
		B6B77055194D052000AC9281 /* PBXTargetDependency */ = {
			isa = PBXTargetDependency;
			target = B6726060194D01CE00E97B2E /* ViewSource */;
			targetProxy = B6B77054194D052000AC9281 /* PBXContainerItemProxy */;
		};
		B6B770AB194D07AE00AC9281 /* PBXTargetDependency */ = {
			isa = PBXTargetDependency;
			target = B6B770A0194D07AE00AC9281 /* ViewSourceExt */;
			targetProxy = B6B770AA194D07AE00AC9281 /* PBXContainerItemProxy */;
		};
		B6B770AE194D07AE00AC9281 /* PBXTargetDependency */ = {
			isa = PBXTargetDependency;
			target = B6B770A0194D07AE00AC9281 /* ViewSourceExt */;
			targetProxy = B6B770AD194D07AE00AC9281 /* PBXContainerItemProxy */;
		};
		B6D31A8F194D59BF00EB5ADE /* PBXTargetDependency */ = {
			isa = PBXTargetDependency;
			target = B6726060194D01CE00E97B2E /* ViewSource */;
			targetProxy = B6D31A8E194D59BF00EB5ADE /* PBXContainerItemProxy */;
		};
		B6D31A91194D59BF00EB5ADE /* PBXTargetDependency */ = {
			isa = PBXTargetDependency;
			target = B6726060194D01CE00E97B2E /* ViewSource */;
			targetProxy = B6D31A90194D59BF00EB5ADE /* PBXContainerItemProxy */;
		};
		B6D31A93194D59C600EB5ADE /* PBXTargetDependency */ = {
			isa = PBXTargetDependency;
			target = B6726060194D01CE00E97B2E /* ViewSource */;
			targetProxy = B6D31A92194D59C600EB5ADE /* PBXContainerItemProxy */;
		};
/* End PBXTargetDependency section */

/* Begin XCBuildConfiguration section */
		B6726076194D01CE00E97B2E /* Debug */ = {
			isa = XCBuildConfiguration;
			buildSettings = {
				ALWAYS_SEARCH_USER_PATHS = NO;
				CLANG_CXX_LANGUAGE_STANDARD = "gnu++0x";
				CLANG_CXX_LIBRARY = "libc++";
				CLANG_ENABLE_MODULES = YES;
				CLANG_ENABLE_OBJC_ARC = YES;
				CLANG_WARN_BLOCK_CAPTURE_AUTORELEASING = YES;
				CLANG_WARN_BOOL_CONVERSION = YES;
				CLANG_WARN_COMMA = YES;
				CLANG_WARN_CONSTANT_CONVERSION = YES;
				CLANG_WARN_DIRECT_OBJC_ISA_USAGE = YES_ERROR;
				CLANG_WARN_EMPTY_BODY = YES;
				CLANG_WARN_ENUM_CONVERSION = YES;
				CLANG_WARN_INFINITE_RECURSION = YES;
				CLANG_WARN_INT_CONVERSION = YES;
				CLANG_WARN_NON_LITERAL_NULL_CONVERSION = YES;
				CLANG_WARN_OBJC_LITERAL_CONVERSION = YES;
				CLANG_WARN_OBJC_ROOT_CLASS = YES_ERROR;
				CLANG_WARN_RANGE_LOOP_ANALYSIS = YES;
				CLANG_WARN_STRICT_PROTOTYPES = YES;
				CLANG_WARN_SUSPICIOUS_MOVE = YES;
				CLANG_WARN_UNREACHABLE_CODE = YES;
				CLANG_WARN__DUPLICATE_METHOD_MATCH = YES;
				"CODE_SIGN_IDENTITY[sdk=iphoneos*]" = "iPhone Developer";
				COPY_PHASE_STRIP = NO;
				ENABLE_STRICT_OBJC_MSGSEND = YES;
				ENABLE_TESTABILITY = YES;
				GCC_C_LANGUAGE_STANDARD = gnu99;
				GCC_DYNAMIC_NO_PIC = NO;
				GCC_NO_COMMON_BLOCKS = YES;
				GCC_OPTIMIZATION_LEVEL = 0;
				GCC_PREPROCESSOR_DEFINITIONS = (
					"DEBUG=1",
					"$(inherited)",
				);
				GCC_SYMBOLS_PRIVATE_EXTERN = NO;
				GCC_WARN_64_TO_32_BIT_CONVERSION = YES;
				GCC_WARN_ABOUT_RETURN_TYPE = YES_ERROR;
				GCC_WARN_UNDECLARED_SELECTOR = YES;
				GCC_WARN_UNINITIALIZED_AUTOS = YES_AGGRESSIVE;
				GCC_WARN_UNUSED_FUNCTION = YES;
				GCC_WARN_UNUSED_VARIABLE = YES;
				IPHONEOS_DEPLOYMENT_TARGET = 8.0;
				METAL_ENABLE_DEBUG_INFO = YES;
				ONLY_ACTIVE_ARCH = YES;
				SDKROOT = iphoneos;
				SWIFT_OPTIMIZATION_LEVEL = "-Onone";
				SWIFT_VERSION = 4.0;
			};
			name = Debug;
		};
		B6726077194D01CE00E97B2E /* Release */ = {
			isa = XCBuildConfiguration;
			buildSettings = {
				ALWAYS_SEARCH_USER_PATHS = NO;
				CLANG_CXX_LANGUAGE_STANDARD = "gnu++0x";
				CLANG_CXX_LIBRARY = "libc++";
				CLANG_ENABLE_MODULES = YES;
				CLANG_ENABLE_OBJC_ARC = YES;
				CLANG_WARN_BLOCK_CAPTURE_AUTORELEASING = YES;
				CLANG_WARN_BOOL_CONVERSION = YES;
				CLANG_WARN_COMMA = YES;
				CLANG_WARN_CONSTANT_CONVERSION = YES;
				CLANG_WARN_DIRECT_OBJC_ISA_USAGE = YES_ERROR;
				CLANG_WARN_EMPTY_BODY = YES;
				CLANG_WARN_ENUM_CONVERSION = YES;
				CLANG_WARN_INFINITE_RECURSION = YES;
				CLANG_WARN_INT_CONVERSION = YES;
				CLANG_WARN_NON_LITERAL_NULL_CONVERSION = YES;
				CLANG_WARN_OBJC_LITERAL_CONVERSION = YES;
				CLANG_WARN_OBJC_ROOT_CLASS = YES_ERROR;
				CLANG_WARN_RANGE_LOOP_ANALYSIS = YES;
				CLANG_WARN_STRICT_PROTOTYPES = YES;
				CLANG_WARN_SUSPICIOUS_MOVE = YES;
				CLANG_WARN_UNREACHABLE_CODE = YES;
				CLANG_WARN__DUPLICATE_METHOD_MATCH = YES;
				"CODE_SIGN_IDENTITY[sdk=iphoneos*]" = "iPhone Developer";
				COPY_PHASE_STRIP = YES;
				ENABLE_NS_ASSERTIONS = NO;
				ENABLE_STRICT_OBJC_MSGSEND = YES;
				GCC_C_LANGUAGE_STANDARD = gnu99;
				GCC_NO_COMMON_BLOCKS = YES;
				GCC_WARN_64_TO_32_BIT_CONVERSION = YES;
				GCC_WARN_ABOUT_RETURN_TYPE = YES_ERROR;
				GCC_WARN_UNDECLARED_SELECTOR = YES;
				GCC_WARN_UNINITIALIZED_AUTOS = YES_AGGRESSIVE;
				GCC_WARN_UNUSED_FUNCTION = YES;
				GCC_WARN_UNUSED_VARIABLE = YES;
				IPHONEOS_DEPLOYMENT_TARGET = 8.0;
				METAL_ENABLE_DEBUG_INFO = NO;
				SDKROOT = iphoneos;
				SWIFT_OPTIMIZATION_LEVEL = "-Owholemodule";
				SWIFT_VERSION = 4.0;
				VALIDATE_PRODUCT = YES;
			};
			name = Release;
		};
		B6726079194D01CE00E97B2E /* Debug */ = {
			isa = XCBuildConfiguration;
			buildSettings = {
				ASSETCATALOG_COMPILER_APPICON_NAME = AppIcon;
				ASSETCATALOG_COMPILER_LAUNCHIMAGE_NAME = LaunchImage;
				CODE_SIGN_IDENTITY = "iPhone Developer";
				DEVELOPMENT_TEAM = 3V8KXS5ZB4;
				INFOPLIST_FILE = ViewSource/Info.plist;
				IPHONEOS_DEPLOYMENT_TARGET = 10.3;
				LD_RUNPATH_SEARCH_PATHS = "$(inherited) @executable_path/Frameworks";
				PRODUCT_BUNDLE_IDENTIFIER = com.earoa.ViewSource;
				PRODUCT_NAME = "$(TARGET_NAME)";
				SWIFT_VERSION = 4.0;
				TARGETED_DEVICE_FAMILY = 1;
			};
			name = Debug;
		};
		B672607A194D01CE00E97B2E /* Release */ = {
			isa = XCBuildConfiguration;
			buildSettings = {
				ASSETCATALOG_COMPILER_APPICON_NAME = AppIcon;
				ASSETCATALOG_COMPILER_LAUNCHIMAGE_NAME = LaunchImage;
				CODE_SIGN_IDENTITY = "iPhone Developer";
				DEVELOPMENT_TEAM = 3V8KXS5ZB4;
				INFOPLIST_FILE = ViewSource/Info.plist;
				IPHONEOS_DEPLOYMENT_TARGET = 10.3;
				LD_RUNPATH_SEARCH_PATHS = "$(inherited) @executable_path/Frameworks";
				PRODUCT_BUNDLE_IDENTIFIER = com.earoa.ViewSource;
				PRODUCT_NAME = "$(TARGET_NAME)";
				SWIFT_VERSION = 4.0;
				TARGETED_DEVICE_FAMILY = 1;
			};
			name = Release;
		};
		B672607C194D01CE00E97B2E /* Debug */ = {
			isa = XCBuildConfiguration;
			buildSettings = {
				BUNDLE_LOADER = "$(BUILT_PRODUCTS_DIR)/ViewSource.app/ViewSource";
				FRAMEWORK_SEARCH_PATHS = (
					"$(SDKROOT)/Developer/Library/Frameworks",
					"$(inherited)",
				);
				GCC_PREPROCESSOR_DEFINITIONS = (
					"DEBUG=1",
					"$(inherited)",
				);
				INFOPLIST_FILE = ViewSourceTests/Info.plist;
				LD_RUNPATH_SEARCH_PATHS = "$(inherited) @executable_path/Frameworks @loader_path/Frameworks";
				METAL_ENABLE_DEBUG_INFO = YES;
				PRODUCT_BUNDLE_IDENTIFIER = "ddagradi.${PRODUCT_NAME:rfc1034identifier}";
				PRODUCT_NAME = "$(TARGET_NAME)";
				TEST_HOST = "$(BUNDLE_LOADER)";
			};
			name = Debug;
		};
		B672607D194D01CE00E97B2E /* Release */ = {
			isa = XCBuildConfiguration;
			buildSettings = {
				BUNDLE_LOADER = "$(BUILT_PRODUCTS_DIR)/ViewSource.app/ViewSource";
				FRAMEWORK_SEARCH_PATHS = (
					"$(SDKROOT)/Developer/Library/Frameworks",
					"$(inherited)",
				);
				INFOPLIST_FILE = ViewSourceTests/Info.plist;
				LD_RUNPATH_SEARCH_PATHS = "$(inherited) @executable_path/Frameworks @loader_path/Frameworks";
				METAL_ENABLE_DEBUG_INFO = NO;
				PRODUCT_BUNDLE_IDENTIFIER = "ddagradi.${PRODUCT_NAME:rfc1034identifier}";
				PRODUCT_NAME = "$(TARGET_NAME)";
				TEST_HOST = "$(BUNDLE_LOADER)";
			};
			name = Release;
		};
		B6B770B0194D07AE00AC9281 /* Debug */ = {
			isa = XCBuildConfiguration;
			buildSettings = {
				ASSETCATALOG_COMPILER_APPICON_NAME = AppIcon;
				ASSETCATALOG_COMPILER_LAUNCHIMAGE_NAME = LaunchImage;
				CODE_SIGN_IDENTITY = "iPhone Developer";
				"CODE_SIGN_IDENTITY[sdk=iphoneos*]" = "iPhone Developer";
				DEVELOPMENT_TEAM = 3V8KXS5ZB4;
				GCC_PREPROCESSOR_DEFINITIONS = (
					"DEBUG=1",
					"$(inherited)",
				);
				INFOPLIST_FILE = ViewSourceExt/Info.plist;
				IPHONEOS_DEPLOYMENT_TARGET = 10.3;
				LD_RUNPATH_SEARCH_PATHS = "$(inherited) @executable_path/Frameworks @executable_path/../../Frameworks";
				METAL_ENABLE_DEBUG_INFO = YES;
				PRODUCT_BUNDLE_IDENTIFIER = com.earoa.ViewSource.ViewSourceExt;
				PRODUCT_NAME = "ddagradi.ViewSource.$(TARGET_NAME:rfc1034identifier)";
				PROVISIONING_PROFILE = "";
				SKIP_INSTALL = YES;
			};
			name = Debug;
		};
		B6B770B1194D07AE00AC9281 /* Release */ = {
			isa = XCBuildConfiguration;
			buildSettings = {
				ASSETCATALOG_COMPILER_APPICON_NAME = AppIcon;
				ASSETCATALOG_COMPILER_LAUNCHIMAGE_NAME = LaunchImage;
				CODE_SIGN_IDENTITY = "iPhone Developer";
				"CODE_SIGN_IDENTITY[sdk=iphoneos*]" = "iPhone Developer";
				DEVELOPMENT_TEAM = 3V8KXS5ZB4;
				INFOPLIST_FILE = ViewSourceExt/Info.plist;
				IPHONEOS_DEPLOYMENT_TARGET = 10.3;
				LD_RUNPATH_SEARCH_PATHS = "$(inherited) @executable_path/Frameworks @executable_path/../../Frameworks";
				METAL_ENABLE_DEBUG_INFO = NO;
				PRODUCT_BUNDLE_IDENTIFIER = com.earoa.ViewSource.ViewSourceExt;
				PRODUCT_NAME = "ddagradi.ViewSource.$(TARGET_NAME:rfc1034identifier)";
				PROVISIONING_PROFILE = "";
				SKIP_INSTALL = YES;
			};
			name = Release;
		};
/* End XCBuildConfiguration section */

/* Begin XCConfigurationList section */
		B672605C194D01CE00E97B2E /* Build configuration list for PBXProject "ViewSource" */ = {
			isa = XCConfigurationList;
			buildConfigurations = (
				B6726076194D01CE00E97B2E /* Debug */,
				B6726077194D01CE00E97B2E /* Release */,
			);
			defaultConfigurationIsVisible = 0;
			defaultConfigurationName = Release;
		};
		B6726078194D01CE00E97B2E /* Build configuration list for PBXNativeTarget "ViewSource" */ = {
			isa = XCConfigurationList;
			buildConfigurations = (
				B6726079194D01CE00E97B2E /* Debug */,
				B672607A194D01CE00E97B2E /* Release */,
			);
			defaultConfigurationIsVisible = 0;
			defaultConfigurationName = Release;
		};
		B672607B194D01CE00E97B2E /* Build configuration list for PBXNativeTarget "ViewSourceTests" */ = {
			isa = XCConfigurationList;
			buildConfigurations = (
				B672607C194D01CE00E97B2E /* Debug */,
				B672607D194D01CE00E97B2E /* Release */,
			);
			defaultConfigurationIsVisible = 0;
			defaultConfigurationName = Release;
		};
		B6B770AF194D07AE00AC9281 /* Build configuration list for PBXNativeTarget "ViewSourceExt" */ = {
			isa = XCConfigurationList;
			buildConfigurations = (
				B6B770B0194D07AE00AC9281 /* Debug */,
				B6B770B1194D07AE00AC9281 /* Release */,
			);
			defaultConfigurationIsVisible = 0;
			defaultConfigurationName = Release;
		};
/* End XCConfigurationList section */
	};
	rootObject = B6726059194D01CE00E97B2E /* Project object */;
}
